
Microsoft Visual Studio Solution File, Format Version 12.00
# Visual Studio Version 16
VisualStudioVersion = 16.0.30907.101
MinimumVisualStudioVersion = 10.0.40219.1
Project("{FAE04EC0-301F-11D3-BF4B-00C04F79EFBC}") = "ClassMetotDemo", "ClassMetotDemo\ClassMetotDemo.csproj", "{29864536-A4FB-47C1-AFAD-BC486778BA6D}"
EndProject
Global
	GlobalSection(SolutionConfigurationPlatforms) = preSolution
		Debug|Any CPU = Debug|Any CPU
		Release|Any CPU = Release|Any CPU
	EndGlobalSection
	GlobalSection(ProjectConfigurationPlatforms) = postSolution
		{29864536-A4FB-47C1-AFAD-BC486778BA6D}.Debug|Any CPU.ActiveCfg = Debug|Any CPU
		{29864536-A4FB-47C1-AFAD-BC486778BA6D}.Debug|Any CPU.Build.0 = Debug|Any CPU
		{29864536-A4FB-47C1-AFAD-BC486778BA6D}.Release|Any CPU.ActiveCfg = Release|Any CPU
		{29864536-A4FB-47C1-AFAD-BC486778BA6D}.Release|Any CPU.Build.0 = Release|Any CPU
	EndGlobalSection
	GlobalSection(SolutionProperties) = preSolution
		HideSolutionNode = FALSE
	EndGlobalSection
	GlobalSection(ExtensibilityGlobals) = postSolution
		SolutionGuid = {8EB555A6-8BCD-437D-A9FB-EBA428C421D3}
	EndGlobalSection
EndGlobal
